
Microsoft Visual Studio Solution File, Format Version 12.00
# Visual Studio 17
VisualStudioVersion = 15.0.28307.705
MinimumVisualStudioVersion = 10.0.40219.1
Project("{FAE04EC0-301F-11D3-BF4B-00C04F79EFBC}") = "HeYe_ThirdWorkSpace", "HeYe_ThirdWorkSpace\HeYe_ThirdWorkSpace.csproj", "{2CB38554-ADA2-49BD-817B-9A135B01CE61}"
EndProject
Global
	GlobalSection(SolutionConfigurationPlatforms) = preSolution
		Debug|Any CPU = Debug|Any CPU
		Debug|x64 = Debug|x64
		Release|Any CPU = Release|Any CPU
		Release|x64 = Release|x64
	EndGlobalSection
	GlobalSection(ProjectConfigurationPlatforms) = postSolution
		{2CB38554-ADA2-49BD-817B-9A135B01CE61}.Debug|Any CPU.ActiveCfg = Debug|Any CPU
		{2CB38554-ADA2-49BD-817B-9A135B01CE61}.Debug|Any CPU.Build.0 = Debug|Any CPU
		{2CB38554-ADA2-49BD-817B-9A135B01CE61}.Debug|x64.ActiveCfg = Debug|x64
		{2CB38554-ADA2-49BD-817B-9A135B01CE61}.Debug|x64.Build.0 = Debug|x64
		{2CB38554-ADA2-49BD-817B-9A135B01CE61}.Release|Any CPU.ActiveCfg = Release|Any CPU
		{2CB38554-ADA2-49BD-817B-9A135B01CE61}.Release|Any CPU.Build.0 = Release|Any CPU
		{2CB38554-ADA2-49BD-817B-9A135B01CE61}.Release|x64.ActiveCfg = Release|x64
		{2CB38554-ADA2-49BD-817B-9A135B01CE61}.Release|x64.Build.0 = Release|x64
	EndGlobalSection
	GlobalSection(SolutionProperties) = preSolution
		HideSolutionNode = FALSE
	EndGlobalSection
	GlobalSection(ExtensibilityGlobals) = postSolution
		SolutionGuid = {5C873676-B26E-44C3-BF72-F9B52DC328CE}
	EndGlobalSection
EndGlobal
